
Microsoft Visual Studio Solution File, Format Version 10.00
# Visual Studio 2008
Project("{F184B08F-C81C-45F6-A57F-5ABD9991F28F}") = "QUANLYDIEMSV", "QUANLYDIEMSV\QUANLYDIEMSV.vbproj", "{8899EBC8-5A02-4CE8-9BBA-EF98A24B562B}"
EndProject
Global
	GlobalSection(SolutionConfigurationPlatforms) = preSolution
		Debug|Any CPU = Debug|Any CPU
		Release|Any CPU = Release|Any CPU
	EndGlobalSection
	GlobalSection(ProjectConfigurationPlatforms) = postSolution
		{8899EBC8-5A02-4CE8-9BBA-EF98A24B562B}.Debug|Any CPU.ActiveCfg = Debug|Any CPU
		{8899EBC8-5A02-4CE8-9BBA-EF98A24B562B}.Debug|Any CPU.Build.0 = Debug|Any CPU
		{8899EBC8-5A02-4CE8-9BBA-EF98A24B562B}.Release|Any CPU.ActiveCfg = Release|Any CPU
		{8899EBC8-5A02-4CE8-9BBA-EF98A24B562B}.Release|Any CPU.Build.0 = Release|Any CPU
	EndGlobalSection
	GlobalSection(SolutionProperties) = preSolution
		HideSolutionNode = FALSE
	EndGlobalSection
EndGlobal
